
Microsoft Visual Studio Solution File, Format Version 12.00
# Visual Studio Version 16
VisualStudioVersion = 16.0.29324.140
MinimumVisualStudioVersion = 10.0.40219.1
Project("{FAE04EC0-301F-11D3-BF4B-00C04F79EFBC}") = "Simplic.CoreLib", "Simplic.CoreLib\Simplic.CoreLib.csproj", "{94401A6D-06D1-4822-9E0F-F71BC92E94C4}"
EndProject
Project("{2150E333-8FDC-42A3-9474-1A3956D46DE8}") = "Test", "Test", "{3CF243E9-C314-4F05-B7E6-925EECF865F2}"
EndProject
Project("{FAE04EC0-301F-11D3-BF4B-00C04F79EFBC}") = "Simplic.CoreLib.PreciseDecimal", "Test\Simplic.CoreLib.PreciseDecimal\Simplic.CoreLib.PreciseDecimal.csproj", "{77184F27-F7B4-4245-A9FC-EDBBE5D5BA31}"
EndProject
Project("{FAE04EC0-301F-11D3-BF4B-00C04F79EFBC}") = "Simplic.CoreLib.StringExtraction", "Test\Simplic.CoreLib.StringExtraction\Simplic.CoreLib.StringExtraction.csproj", "{3956D8A9-71B3-49B5-A4F5-16EBB15684E2}"
EndProject
Project("{2150E333-8FDC-42A3-9474-1A3956D46DE8}") = "ENV", "ENV", "{0AE4C5C9-EA74-460B-86E7-74A63374F026}"
	ProjectSection(SolutionItems) = preProject
		azure-pipelines.yml = azure-pipelines.yml
	EndProjectSection
EndProject
Project("{FAE04EC0-301F-11D3-BF4B-00C04F79EFBC}") = "Simplic.CoreLib.StatefulCollection", "Test\Simplic.CoreLib.StatefulCollection\Simplic.CoreLib.StatefulCollection.csproj", "{B4D8BEBC-C90E-42D6-83C1-8DA451CC21A3}"
EndProject
Global
	GlobalSection(SolutionConfigurationPlatforms) = preSolution
		Debug_x86x_64|Any CPU = Debug_x86x_64|Any CPU
		Debug|Any CPU = Debug|Any CPU
		Release|Any CPU = Release|Any CPU
	EndGlobalSection
	GlobalSection(ProjectConfigurationPlatforms) = postSolution
		{94401A6D-06D1-4822-9E0F-F71BC92E94C4}.Debug_x86x_64|Any CPU.ActiveCfg = Debug_x86x_64|Any CPU
		{94401A6D-06D1-4822-9E0F-F71BC92E94C4}.Debug_x86x_64|Any CPU.Build.0 = Debug_x86x_64|Any CPU
		{94401A6D-06D1-4822-9E0F-F71BC92E94C4}.Debug|Any CPU.ActiveCfg = Debug|Any CPU
		{94401A6D-06D1-4822-9E0F-F71BC92E94C4}.Debug|Any CPU.Build.0 = Debug|Any CPU
		{94401A6D-06D1-4822-9E0F-F71BC92E94C4}.Release|Any CPU.ActiveCfg = Release|Any CPU
		{94401A6D-06D1-4822-9E0F-F71BC92E94C4}.Release|Any CPU.Build.0 = Release|Any CPU
		{77184F27-F7B4-4245-A9FC-EDBBE5D5BA31}.Debug_x86x_64|Any CPU.ActiveCfg = Debug|Any CPU
		{77184F27-F7B4-4245-A9FC-EDBBE5D5BA31}.Debug_x86x_64|Any CPU.Build.0 = Debug|Any CPU
		{77184F27-F7B4-4245-A9FC-EDBBE5D5BA31}.Debug|Any CPU.ActiveCfg = Debug|Any CPU
		{77184F27-F7B4-4245-A9FC-EDBBE5D5BA31}.Debug|Any CPU.Build.0 = Debug|Any CPU
		{77184F27-F7B4-4245-A9FC-EDBBE5D5BA31}.Release|Any CPU.ActiveCfg = Release|Any CPU
		{77184F27-F7B4-4245-A9FC-EDBBE5D5BA31}.Release|Any CPU.Build.0 = Release|Any CPU
		{3956D8A9-71B3-49B5-A4F5-16EBB15684E2}.Debug_x86x_64|Any CPU.ActiveCfg = Debug|Any CPU
		{3956D8A9-71B3-49B5-A4F5-16EBB15684E2}.Debug_x86x_64|Any CPU.Build.0 = Debug|Any CPU
		{3956D8A9-71B3-49B5-A4F5-16EBB15684E2}.Debug|Any CPU.ActiveCfg = Debug|Any CPU
		{3956D8A9-71B3-49B5-A4F5-16EBB15684E2}.Debug|Any CPU.Build.0 = Debug|Any CPU
		{3956D8A9-71B3-49B5-A4F5-16EBB15684E2}.Release|Any CPU.ActiveCfg = Release|Any CPU
		{3956D8A9-71B3-49B5-A4F5-16EBB15684E2}.Release|Any CPU.Build.0 = Release|Any CPU
		{B4D8BEBC-C90E-42D6-83C1-8DA451CC21A3}.Debug_x86x_64|Any CPU.ActiveCfg = Debug|Any CPU
		{B4D8BEBC-C90E-42D6-83C1-8DA451CC21A3}.Debug_x86x_64|Any CPU.Build.0 = Debug|Any CPU
		{B4D8BEBC-C90E-42D6-83C1-8DA451CC21A3}.Debug|Any CPU.ActiveCfg = Debug|Any CPU
		{B4D8BEBC-C90E-42D6-83C1-8DA451CC21A3}.Debug|Any CPU.Build.0 = Debug|Any CPU
		{B4D8BEBC-C90E-42D6-83C1-8DA451CC21A3}.Release|Any CPU.ActiveCfg = Release|Any CPU
		{B4D8BEBC-C90E-42D6-83C1-8DA451CC21A3}.Release|Any CPU.Build.0 = Release|Any CPU
	EndGlobalSection
	GlobalSection(SolutionProperties) = preSolution
		HideSolutionNode = FALSE
	EndGlobalSection
	GlobalSection(NestedProjects) = preSolution
		{77184F27-F7B4-4245-A9FC-EDBBE5D5BA31} = {3CF243E9-C314-4F05-B7E6-925EECF865F2}
		{3956D8A9-71B3-49B5-A4F5-16EBB15684E2} = {3CF243E9-C314-4F05-B7E6-925EECF865F2}
		{B4D8BEBC-C90E-42D6-83C1-8DA451CC21A3} = {3CF243E9-C314-4F05-B7E6-925EECF865F2}
	EndGlobalSection
	GlobalSection(ExtensibilityGlobals) = postSolution
		SolutionGuid = {57A6E7C5-5F53-442F-ACEA-CEE4119A7B59}
	EndGlobalSection
EndGlobal
